
Microsoft Visual Studio Solution File, Format Version 12.00
# Visual Studio Version 16
VisualStudioVersion = 16.0.31321.278
MinimumVisualStudioVersion = 10.0.40219.1
Project("{9A19103F-16F7-4668-BE54-9A1E7A4F7556}") = "BingoCard", "BingoCard\BingoCard.csproj", "{73439E05-F782-4D5F-AC4B-2207A81EC87F}"
EndProject
Project("{9A19103F-16F7-4668-BE54-9A1E7A4F7556}") = "Tools", "..\Tools\Tools\Tools.csproj", "{327FA62A-573A-4384-BB3B-19A20DDF1684}"
EndProject
Global
	GlobalSection(SolutionConfigurationPlatforms) = preSolution
		Debug|Any CPU = Debug|Any CPU
		Release|Any CPU = Release|Any CPU
	EndGlobalSection
	GlobalSection(ProjectConfigurationPlatforms) = postSolution
		{73439E05-F782-4D5F-AC4B-2207A81EC87F}.Debug|Any CPU.ActiveCfg = Debug|Any CPU
		{73439E05-F782-4D5F-AC4B-2207A81EC87F}.Debug|Any CPU.Build.0 = Debug|Any CPU
		{73439E05-F782-4D5F-AC4B-2207A81EC87F}.Release|Any CPU.ActiveCfg = Release|Any CPU
		{73439E05-F782-4D5F-AC4B-2207A81EC87F}.Release|Any CPU.Build.0 = Release|Any CPU
		{327FA62A-573A-4384-BB3B-19A20DDF1684}.Debug|Any CPU.ActiveCfg = Debug|Any CPU
		{327FA62A-573A-4384-BB3B-19A20DDF1684}.Debug|Any CPU.Build.0 = Debug|Any CPU
		{327FA62A-573A-4384-BB3B-19A20DDF1684}.Release|Any CPU.ActiveCfg = Release|Any CPU
		{327FA62A-573A-4384-BB3B-19A20DDF1684}.Release|Any CPU.Build.0 = Release|Any CPU
	EndGlobalSection
	GlobalSection(SolutionProperties) = preSolution
		HideSolutionNode = FALSE
	EndGlobalSection
	GlobalSection(ExtensibilityGlobals) = postSolution
		SolutionGuid = {1054C3A5-F8AB-4AD0-9DAC-7D6E3F5F7BA0}
	EndGlobalSection
EndGlobal
